
Microsoft Visual Studio Solution File, Format Version 12.00
# Visual Studio Version 16
VisualStudioVersion = 16.0.30503.244
MinimumVisualStudioVersion = 10.0.40219.1
Project("{FAE04EC0-301F-11D3-BF4B-00C04F79EFBC}") = "LINQquizzes", "LINQquizzes\LINQquizzes.csproj", "{87CF6BE9-05C2-4BBA-9BAF-C88EB283040B}"
EndProject
Global
	GlobalSection(SolutionConfigurationPlatforms) = preSolution
		Debug|Any CPU = Debug|Any CPU
		Release|Any CPU = Release|Any CPU
	EndGlobalSection
	GlobalSection(ProjectConfigurationPlatforms) = postSolution
		{87CF6BE9-05C2-4BBA-9BAF-C88EB283040B}.Debug|Any CPU.ActiveCfg = Debug|Any CPU
		{87CF6BE9-05C2-4BBA-9BAF-C88EB283040B}.Debug|Any CPU.Build.0 = Debug|Any CPU
		{87CF6BE9-05C2-4BBA-9BAF-C88EB283040B}.Release|Any CPU.ActiveCfg = Release|Any CPU
		{87CF6BE9-05C2-4BBA-9BAF-C88EB283040B}.Release|Any CPU.Build.0 = Release|Any CPU
	EndGlobalSection
	GlobalSection(SolutionProperties) = preSolution
		HideSolutionNode = FALSE
	EndGlobalSection
	GlobalSection(ExtensibilityGlobals) = postSolution
		SolutionGuid = {55D6AF46-8939-45A4-A29B-0C06B0ACCD42}
	EndGlobalSection
EndGlobal
