
Microsoft Visual Studio Solution File, Format Version 12.00
# Visual Studio Version 16
VisualStudioVersion = 16.0.30503.244
MinimumVisualStudioVersion = 10.0.40219.1
Project("{FAE04EC0-301F-11D3-BF4B-00C04F79EFBC}") = "DelegateLab01", "DelegateLab01\DelegateLab01.csproj", "{6BAE4F07-18E9-4076-8C57-280373041081}"
EndProject
Global
	GlobalSection(SolutionConfigurationPlatforms) = preSolution
		Debug|Any CPU = Debug|Any CPU
		Release|Any CPU = Release|Any CPU
	EndGlobalSection
	GlobalSection(ProjectConfigurationPlatforms) = postSolution
		{6BAE4F07-18E9-4076-8C57-280373041081}.Debug|Any CPU.ActiveCfg = Debug|Any CPU
		{6BAE4F07-18E9-4076-8C57-280373041081}.Debug|Any CPU.Build.0 = Debug|Any CPU
		{6BAE4F07-18E9-4076-8C57-280373041081}.Release|Any CPU.ActiveCfg = Release|Any CPU
		{6BAE4F07-18E9-4076-8C57-280373041081}.Release|Any CPU.Build.0 = Release|Any CPU
	EndGlobalSection
	GlobalSection(SolutionProperties) = preSolution
		HideSolutionNode = FALSE
	EndGlobalSection
	GlobalSection(ExtensibilityGlobals) = postSolution
		SolutionGuid = {09725D61-511F-4AFA-9F74-F4411D73E2CD}
	EndGlobalSection
EndGlobal
