
Microsoft Visual Studio Solution File, Format Version 12.00
# Visual Studio Version 16
VisualStudioVersion = 16.0.30503.244
MinimumVisualStudioVersion = 10.0.40219.1
Project("{FAE04EC0-301F-11D3-BF4B-00C04F79EFBC}") = "Exercise12-linh", "Exercise12-linh\Exercise12-linh.csproj", "{9D0D5D21-0C78-4826-852E-DCE67B9D7EF3}"
EndProject
Global
	GlobalSection(SolutionConfigurationPlatforms) = preSolution
		Debug|Any CPU = Debug|Any CPU
		Release|Any CPU = Release|Any CPU
	EndGlobalSection
	GlobalSection(ProjectConfigurationPlatforms) = postSolution
		{9D0D5D21-0C78-4826-852E-DCE67B9D7EF3}.Debug|Any CPU.ActiveCfg = Debug|Any CPU
		{9D0D5D21-0C78-4826-852E-DCE67B9D7EF3}.Debug|Any CPU.Build.0 = Debug|Any CPU
		{9D0D5D21-0C78-4826-852E-DCE67B9D7EF3}.Release|Any CPU.ActiveCfg = Release|Any CPU
		{9D0D5D21-0C78-4826-852E-DCE67B9D7EF3}.Release|Any CPU.Build.0 = Release|Any CPU
	EndGlobalSection
	GlobalSection(SolutionProperties) = preSolution
		HideSolutionNode = FALSE
	EndGlobalSection
	GlobalSection(ExtensibilityGlobals) = postSolution
		SolutionGuid = {5ECCC44B-CB0F-487D-A342-2F54182AB333}
	EndGlobalSection
EndGlobal
