
Microsoft Visual Studio Solution File, Format Version 12.00
# Visual Studio Version 16
VisualStudioVersion = 16.0.30503.244
MinimumVisualStudioVersion = 10.0.40219.1
Project("{FAE04EC0-301F-11D3-BF4B-00C04F79EFBC}") = "Exercise13-linh", "Exercise13-linh\Exercise13-linh.csproj", "{683A3B7C-F2FF-45DA-BBC4-343BE5D15666}"
EndProject
Global
	GlobalSection(SolutionConfigurationPlatforms) = preSolution
		Debug|Any CPU = Debug|Any CPU
		Release|Any CPU = Release|Any CPU
	EndGlobalSection
	GlobalSection(ProjectConfigurationPlatforms) = postSolution
		{683A3B7C-F2FF-45DA-BBC4-343BE5D15666}.Debug|Any CPU.ActiveCfg = Debug|Any CPU
		{683A3B7C-F2FF-45DA-BBC4-343BE5D15666}.Debug|Any CPU.Build.0 = Debug|Any CPU
		{683A3B7C-F2FF-45DA-BBC4-343BE5D15666}.Release|Any CPU.ActiveCfg = Release|Any CPU
		{683A3B7C-F2FF-45DA-BBC4-343BE5D15666}.Release|Any CPU.Build.0 = Release|Any CPU
	EndGlobalSection
	GlobalSection(SolutionProperties) = preSolution
		HideSolutionNode = FALSE
	EndGlobalSection
	GlobalSection(ExtensibilityGlobals) = postSolution
		SolutionGuid = {8DAB111F-CC8A-4C59-A971-429177C59023}
	EndGlobalSection
EndGlobal
