
Microsoft Visual Studio Solution File, Format Version 12.00
# Visual Studio Version 16
VisualStudioVersion = 16.0.30413.136
MinimumVisualStudioVersion = 10.0.40219.1
Project("{FAE04EC0-301F-11D3-BF4B-00C04F79EFBC}") = "Quiz09-Linh", "Quiz09-Linh\Quiz09-Linh.csproj", "{B8B448FA-3573-4412-94E7-62E82DD6EE1D}"
EndProject
Global
	GlobalSection(SolutionConfigurationPlatforms) = preSolution
		Debug|Any CPU = Debug|Any CPU
		Release|Any CPU = Release|Any CPU
	EndGlobalSection
	GlobalSection(ProjectConfigurationPlatforms) = postSolution
		{B8B448FA-3573-4412-94E7-62E82DD6EE1D}.Debug|Any CPU.ActiveCfg = Debug|Any CPU
		{B8B448FA-3573-4412-94E7-62E82DD6EE1D}.Debug|Any CPU.Build.0 = Debug|Any CPU
		{B8B448FA-3573-4412-94E7-62E82DD6EE1D}.Release|Any CPU.ActiveCfg = Release|Any CPU
		{B8B448FA-3573-4412-94E7-62E82DD6EE1D}.Release|Any CPU.Build.0 = Release|Any CPU
	EndGlobalSection
	GlobalSection(SolutionProperties) = preSolution
		HideSolutionNode = FALSE
	EndGlobalSection
	GlobalSection(ExtensibilityGlobals) = postSolution
		SolutionGuid = {29BC01CD-4A0B-4964-A68D-9A45F409CA5D}
	EndGlobalSection
EndGlobal
