
Microsoft Visual Studio Solution File, Format Version 12.00
# Visual Studio Version 16
VisualStudioVersion = 16.0.30503.244
MinimumVisualStudioVersion = 10.0.40219.1
Project("{FAE04EC0-301F-11D3-BF4B-00C04F79EFBC}") = "Core3Test10-linh", "Core3Test10-linh\Core3Test10-linh.csproj", "{471F63F5-7474-4137-A71D-E4A06FF2CFC2}"
EndProject
Global
	GlobalSection(SolutionConfigurationPlatforms) = preSolution
		Debug|Any CPU = Debug|Any CPU
		Release|Any CPU = Release|Any CPU
	EndGlobalSection
	GlobalSection(ProjectConfigurationPlatforms) = postSolution
		{471F63F5-7474-4137-A71D-E4A06FF2CFC2}.Debug|Any CPU.ActiveCfg = Debug|Any CPU
		{471F63F5-7474-4137-A71D-E4A06FF2CFC2}.Debug|Any CPU.Build.0 = Debug|Any CPU
		{471F63F5-7474-4137-A71D-E4A06FF2CFC2}.Release|Any CPU.ActiveCfg = Release|Any CPU
		{471F63F5-7474-4137-A71D-E4A06FF2CFC2}.Release|Any CPU.Build.0 = Release|Any CPU
	EndGlobalSection
	GlobalSection(SolutionProperties) = preSolution
		HideSolutionNode = FALSE
	EndGlobalSection
	GlobalSection(ExtensibilityGlobals) = postSolution
		SolutionGuid = {48D93689-11BA-4982-9A20-C757A4F9C4A9}
	EndGlobalSection
EndGlobal
